{
  "name": "express-server",
  "version": "0.0.0",
  "lockfileVersion": 1,
  "requires": true,
  "dependencies": {
    "@angular/animations": {
      "version": "5.2.7",
      "resolved": "https://registry.npmjs.org/@angular/animations/-/animations-5.2.7.tgz",
      "integrity": "sha512-t/B0z2OYO+yy8SJKB1/evSNPvnLsl+AclhM1p21/NnETxQUqvct1KXeDM7nYDu5hmnGmuavhua8LDo6rN5zS+Q==",
      "requires": {
        "tslib": "1.9.0"
      }
    },
    "@angular/common": {
      "version": "5.2.7",
      "resolved": "https://registry.npmjs.org/@angular/common/-/common-5.2.7.tgz",
      "integrity": "sha512-TqsDMmPX1JlEH2QIneuAVzEO4ubzxLBAdV4XbKWDQKC/UfbWIIpSrSp2cIi85NV1tKkg0WAaodCIZ02NucHIHg==",
      "requires": {
        "tslib": "1.9.0"
      }
    },
    "@angular/compiler": {
      "version": "5.2.7",
      "resolved": "https://registry.npmjs.org/@angular/compiler/-/compiler-5.2.7.tgz",
      "integrity": "sha512-26RG+Dy+M/95OyNNqM+OAruarIPOmbndiaglz2dMrNYzenfbSgG/AoPlL5uCdSqZDiXgnlKnS2K6/ePWXDSKNw==",
      "requires": {
        "tslib": "1.9.0"
      }
    },
    "@angular/core": {
      "version": "5.2.7",
      "resolved": "https://registry.npmjs.org/@angular/core/-/core-5.2.7.tgz",
      "integrity": "sha512-DQuL6n7cjBfZmWX5RCV271g6PW9N8b93g2skWnM/zjm+BL9tfHPgvmsjMNB7QEHSxW8VBaaQ6gjj422O01A87g==",
      "requires": {
        "tslib": "1.9.0"
      }
    },
    "@angular/forms": {
      "version": "5.2.7",
      "resolved": "https://registry.npmjs.org/@angular/forms/-/forms-5.2.7.tgz",
      "integrity": "sha512-43oLKdzMjMV/hOLpSTg8aOggcx+veTnPp/JN+KzMGo2qtbim5nk3fnuscWDeDOdkh8hPRPGarKxeFNEE9ZZSTg==",
      "requires": {
        "tslib": "1.9.0"
      }
    },
    "@angular/http": {
      "version": "5.2.7",
      "resolved": "https://registry.npmjs.org/@angular/http/-/http-5.2.7.tgz",
      "integrity": "sha512-048+tCbsNYc9xVvIn5/sOvO4fXVkbB5b1IRYRGiRYXpTz6+JWIm5AwOqZIOeVDgqgZHFf96QllXDcFbdNVDgSA==",
      "requires": {
        "tslib": "1.9.0"
      }
    },
    "@angular/platform-browser": {
      "version": "5.2.7",
      "resolved": "https://registry.npmjs.org/@angular/platform-browser/-/platform-browser-5.2.7.tgz",
      "integrity": "sha512-SdLx4F6tOy4/s3y1KZ/Z3YA6fiIrydaO2bry2FJglDxJh24p6TZIob+zC16N2MTuFW819KY5OlacNhc8aj6Yag==",
      "requires": {
        "tslib": "1.9.0"
      }
    },
    "@angular/platform-browser-dynamic": {
      "version": "5.2.7",
      "resolved": "https://registry.npmjs.org/@angular/platform-browser-dynamic/-/platform-browser-dynamic-5.2.7.tgz",
      "integrity": "sha512-95Rwf1JcGF/BI48k+VG2moLTVC863jPSjmHaGkz7cA9bi/QrRFGvFghl1qIm4Ezp3dj8CH8TE3TWB+1AmAg3AQ==",
      "requires": {
        "tslib": "1.9.0"
      }
    },
    "@angular/router": {
      "version": "5.2.7",
      "resolved": "https://registry.npmjs.org/@angular/router/-/router-5.2.7.tgz",
      "integrity": "sha512-ppl0X7EfEgKYXIEPtdy8cOKj5KXuwCQ5Ila+IuGnSjKIRXt/olhBLJMprVl1VJgoxXj7z2i14U7kKaqSvGtpXw==",
      "requires": {
        "tslib": "1.9.0"
      }
    },
    "accepts": {
      "version": "1.3.5",
      "resolved": "https://registry.npmjs.org/accepts/-/accepts-1.3.5.tgz",
      "integrity": "sha1-63d99gEXI6OxTopywIBcjoZ0a9I=",
      "requires": {
        "mime-types": "2.1.18",
        "negotiator": "0.6.1"
      }
    },
    "array-flatten": {
      "version": "1.1.1",
      "resolved": "https://registry.npmjs.org/array-flatten/-/array-flatten-1.1.1.tgz",
      "integrity": "sha1-ml9pkFGx5wczKPKgCJaLZOopVdI="
    },
    "basic-auth": {
      "version": "1.0.0",
      "resolved": "https://registry.npmjs.org/basic-auth/-/basic-auth-1.0.0.tgz",
      "integrity": "sha1-ERstn/jk5tE2uMhOpeCWy4c1Fjc="
    },
    "body-parser": {
      "version": "1.15.2",
      "resolved": "https://registry.npmjs.org/body-parser/-/body-parser-1.15.2.tgz",
      "integrity": "sha1-11eM9PHRHV9uqATO813Hp/9trmc=",
      "requires": {
        "bytes": "2.4.0",
        "content-type": "1.0.4",
        "debug": "2.2.0",
        "depd": "1.1.2",
        "http-errors": "1.5.1",
        "iconv-lite": "0.4.13",
        "on-finished": "2.3.0",
        "qs": "6.2.0",
        "raw-body": "2.1.7",
        "type-is": "1.6.16"
      }
    },
    "bytes": {
      "version": "2.4.0",
      "resolved": "https://registry.npmjs.org/bytes/-/bytes-2.4.0.tgz",
      "integrity": "sha1-fZcZb51br39pNeJZhVSe3SpsIzk="
    },
    "content-disposition": {
      "version": "0.5.2",
      "resolved": "https://registry.npmjs.org/content-disposition/-/content-disposition-0.5.2.tgz",
      "integrity": "sha1-DPaLud318r55YcOoUXjLhdunjLQ="
    },
    "content-type": {
      "version": "1.0.4",
      "resolved": "https://registry.npmjs.org/content-type/-/content-type-1.0.4.tgz",
      "integrity": "sha512-hIP3EEPs8tB9AT1L+NUqtwOAps4mk2Zob89MWXMHjHWg9milF/j4osnnQLXBCBFBk/tvIG/tUc9mOUJiPBhPXA=="
    },
    "cookie": {
      "version": "0.3.1",
      "resolved": "https://registry.npmjs.org/cookie/-/cookie-0.3.1.tgz",
      "integrity": "sha1-5+Ch+e9DtMi6klxcWpboBtFoc7s="
    },
    "cookie-signature": {
      "version": "1.0.6",
      "resolved": "https://registry.npmjs.org/cookie-signature/-/cookie-signature-1.0.6.tgz",
      "integrity": "sha1-4wOogrNCzD7oylE6eZmXNNqzriw="
    },
    "core-js": {
      "version": "2.5.3",
      "resolved": "https://registry.npmjs.org/core-js/-/core-js-2.5.3.tgz",
      "integrity": "sha1-isw4NFgk8W2DZbfJtCWRaOjtYD4="
    },
    "debug": {
      "version": "2.2.0",
      "resolved": "https://registry.npmjs.org/debug/-/debug-2.2.0.tgz",
      "integrity": "sha1-+HBX6ZWxofauaklgZkE3vFbwOdo=",
      "requires": {
        "ms": "0.7.1"
      }
    },
    "depd": {
      "version": "1.1.2",
      "resolved": "https://registry.npmjs.org/depd/-/depd-1.1.2.tgz",
      "integrity": "sha1-m81S4UwJd2PnSbJ0xDRu0uVgtak="
    },
    "destroy": {
      "version": "1.0.4",
      "resolved": "https://registry.npmjs.org/destroy/-/destroy-1.0.4.tgz",
      "integrity": "sha1-l4hXRCxEdJ5CBmE+N5RiBYJqvYA="
    },
    "ee-first": {
      "version": "1.1.1",
      "resolved": "https://registry.npmjs.org/ee-first/-/ee-first-1.1.1.tgz",
      "integrity": "sha1-WQxhFWsK4vTwJVcyoViyZrxWsh0="
    },
    "encodeurl": {
      "version": "1.0.2",
      "resolved": "https://registry.npmjs.org/encodeurl/-/encodeurl-1.0.2.tgz",
      "integrity": "sha1-rT/0yG7C0CkyL1oCw6mmBslbP1k="
    },
    "escape-html": {
      "version": "1.0.3",
      "resolved": "https://registry.npmjs.org/escape-html/-/escape-html-1.0.3.tgz",
      "integrity": "sha1-Aljq5NPQwJdN4cFpGI7wBR0dGYg="
    },
    "etag": {
      "version": "1.7.0",
      "resolved": "https://registry.npmjs.org/etag/-/etag-1.7.0.tgz",
      "integrity": "sha1-A9MLX2fdbmMtKUXTDWZScxo01dg="
    },
    "express": {
      "version": "4.14.1",
      "resolved": "https://registry.npmjs.org/express/-/express-4.14.1.tgz",
      "integrity": "sha1-ZGwjf3ZvFIwhIK/wc4F7nk1+DTM=",
      "requires": {
        "accepts": "1.3.5",
        "array-flatten": "1.1.1",
        "content-disposition": "0.5.2",
        "content-type": "1.0.4",
        "cookie": "0.3.1",
        "cookie-signature": "1.0.6",
        "debug": "2.2.0",
        "depd": "1.1.2",
        "encodeurl": "1.0.2",
        "escape-html": "1.0.3",
        "etag": "1.7.0",
        "finalhandler": "0.5.1",
        "fresh": "0.3.0",
        "merge-descriptors": "1.0.1",
        "methods": "1.1.2",
        "on-finished": "2.3.0",
        "parseurl": "1.3.2",
        "path-to-regexp": "0.1.7",
        "proxy-addr": "1.1.5",
        "qs": "6.2.0",
        "range-parser": "1.2.0",
        "send": "0.14.2",
        "serve-static": "1.11.2",
        "type-is": "1.6.16",
        "utils-merge": "1.0.0",
        "vary": "1.1.2"
      }
    },
    "finalhandler": {
      "version": "0.5.1",
      "resolved": "https://registry.npmjs.org/finalhandler/-/finalhandler-0.5.1.tgz",
      "integrity": "sha1-LEANjUUwk1vCMlScX6OF7Afeb80=",
      "requires": {
        "debug": "2.2.0",
        "escape-html": "1.0.3",
        "on-finished": "2.3.0",
        "statuses": "1.3.1",
        "unpipe": "1.0.0"
      },
      "dependencies": {
        "statuses": {
          "version": "1.3.1",
          "resolved": "https://registry.npmjs.org/statuses/-/statuses-1.3.1.tgz",
          "integrity": "sha1-+vUbnrdKrvOzrPStX2Gr8ky3uT4="
        }
      }
    },
    "forwarded": {
      "version": "0.1.2",
      "resolved": "https://registry.npmjs.org/forwarded/-/forwarded-0.1.2.tgz",
      "integrity": "sha1-mMI9qxF1ZXuMBXPozszZGw/xjIQ="
    },
    "fresh": {
      "version": "0.3.0",
      "resolved": "https://registry.npmjs.org/fresh/-/fresh-0.3.0.tgz",
      "integrity": "sha1-ZR+DjiJCTnVm3hYdg1jKoZn4PU8="
    },
    "http-errors": {
      "version": "1.5.1",
      "resolved": "https://registry.npmjs.org/http-errors/-/http-errors-1.5.1.tgz",
      "integrity": "sha1-eIwNLB3iyBuebowBhDtrl+uSB1A=",
      "requires": {
        "inherits": "2.0.3",
        "setprototypeof": "1.0.2",
        "statuses": "1.4.0"
      }
    },
    "iconv-lite": {
      "version": "0.4.13",
      "resolved": "https://registry.npmjs.org/iconv-lite/-/iconv-lite-0.4.13.tgz",
      "integrity": "sha1-H4irpKsLFQjoMSrMOTRfNumS4vI="
    },
    "inherits": {
      "version": "2.0.3",
      "resolved": "https://registry.npmjs.org/inherits/-/inherits-2.0.3.tgz",
      "integrity": "sha1-Yzwsg+PaQqUC9SRmAiSA9CCCYd4="
    },
    "ipaddr.js": {
      "version": "1.4.0",
      "resolved": "https://registry.npmjs.org/ipaddr.js/-/ipaddr.js-1.4.0.tgz",
      "integrity": "sha1-KWrKh4qCGBbluF0KKFqZvP9FgvA="
    },
    "media-typer": {
      "version": "0.3.0",
      "resolved": "https://registry.npmjs.org/media-typer/-/media-typer-0.3.0.tgz",
      "integrity": "sha1-hxDXrwqmJvj/+hzgAWhUUmMlV0g="
    },
    "merge-descriptors": {
      "version": "1.0.1",
      "resolved": "https://registry.npmjs.org/merge-descriptors/-/merge-descriptors-1.0.1.tgz",
      "integrity": "sha1-sAqqVW3YtEVoFQ7J0blT8/kMu2E="
    },
    "method-override": {
      "version": "2.1.3",
      "resolved": "https://registry.npmjs.org/method-override/-/method-override-2.1.3.tgz",
      "integrity": "sha1-UR9BxPsdzNtqsYRNpdxuqBt8ETU=",
      "requires": {
        "debug": "1.0.4",
        "methods": "1.1.0",
        "parseurl": "1.3.2",
        "vary": "1.0.1"
      },
      "dependencies": {
        "debug": {
          "version": "1.0.4",
          "resolved": "https://registry.npmjs.org/debug/-/debug-1.0.4.tgz",
          "integrity": "sha1-W5wla9VLbsAigxdvqKDt5tFUy/g=",
          "requires": {
            "ms": "0.6.2"
          }
        },
        "methods": {
          "version": "1.1.0",
          "resolved": "https://registry.npmjs.org/methods/-/methods-1.1.0.tgz",
          "integrity": "sha1-XcpO4S31L/OwVhRZhqjwHLyGQ28="
        },
        "ms": {
          "version": "0.6.2",
          "resolved": "https://registry.npmjs.org/ms/-/ms-0.6.2.tgz",
          "integrity": "sha1-2JwhJMb9wTU9Zai3e/GqxLGTcIw="
        },
        "vary": {
          "version": "1.0.1",
          "resolved": "https://registry.npmjs.org/vary/-/vary-1.0.1.tgz",
          "integrity": "sha1-meSYFWaihhGN+yuBc1ffeZM3bRA="
        }
      }
    },
    "methods": {
      "version": "1.1.2",
      "resolved": "https://registry.npmjs.org/methods/-/methods-1.1.2.tgz",
      "integrity": "sha1-VSmk1nZUE07cxSZmVoNbD4Ua/O4="
    },
    "mime": {
      "version": "1.3.4",
      "resolved": "https://registry.npmjs.org/mime/-/mime-1.3.4.tgz",
      "integrity": "sha1-EV+eO2s9rylZmDyzjxSaLUDrXVM="
    },
    "mime-db": {
      "version": "1.33.0",
      "resolved": "https://registry.npmjs.org/mime-db/-/mime-db-1.33.0.tgz",
      "integrity": "sha512-BHJ/EKruNIqJf/QahvxwQZXKygOQ256myeN/Ew+THcAa5q+PjyTTMMeNQC4DZw5AwfvelsUrA6B67NKMqXDbzQ=="
    },
    "mime-types": {
      "version": "2.1.18",
      "resolved": "https://registry.npmjs.org/mime-types/-/mime-types-2.1.18.tgz",
      "integrity": "sha512-lc/aahn+t4/SWV/qcmumYjymLsWfN3ELhpmVuUFjgsORruuZPVSwAQryq+HHGvO/SI2KVX26bx+En+zhM8g8hQ==",
      "requires": {
        "mime-db": "1.33.0"
      }
    },
    "morgan": {
      "version": "1.2.3",
      "resolved": "https://registry.npmjs.org/morgan/-/morgan-1.2.3.tgz",
      "integrity": "sha1-Ow8XBN+QJVpUJZGrrNeXiRqMQKE=",
      "requires": {
        "basic-auth": "1.0.0",
        "bytes": "1.0.0",
        "depd": "0.4.4",
        "on-finished": "2.1.0"
      },
      "dependencies": {
        "bytes": {
          "version": "1.0.0",
          "resolved": "https://registry.npmjs.org/bytes/-/bytes-1.0.0.tgz",
          "integrity": "sha1-NWnt6Lo0MV+rmcPpLLBMciDeH6g="
        },
        "depd": {
          "version": "0.4.4",
          "resolved": "https://registry.npmjs.org/depd/-/depd-0.4.4.tgz",
          "integrity": "sha1-BwkfrnX5eCjYm0oCotR3jw58BmI="
        },
        "ee-first": {
          "version": "1.0.5",
          "resolved": "https://registry.npmjs.org/ee-first/-/ee-first-1.0.5.tgz",
          "integrity": "sha1-jJshKJjYzZ8alDZlDOe+ICyen/A="
        },
        "on-finished": {
          "version": "2.1.0",
          "resolved": "https://registry.npmjs.org/on-finished/-/on-finished-2.1.0.tgz",
          "integrity": "sha1-DFOfCSkej/rd4MiiWFD7LO3HAi0=",
          "requires": {
            "ee-first": "1.0.5"
          }
        }
      }
    },
    "ms": {
      "version": "0.7.1",
      "resolved": "https://registry.npmjs.org/ms/-/ms-0.7.1.tgz",
      "integrity": "sha1-nNE8A62/8ltl7/3nzoZO6VIBcJg="
    },
    "negotiator": {
      "version": "0.6.1",
      "resolved": "https://registry.npmjs.org/negotiator/-/negotiator-0.6.1.tgz",
      "integrity": "sha1-KzJxhOiZIQEXeyhWP7XnECrNDKk="
    },
    "on-finished": {
      "version": "2.3.0",
      "resolved": "https://registry.npmjs.org/on-finished/-/on-finished-2.3.0.tgz",
      "integrity": "sha1-IPEzZIGwg811M3mSoWlxqi2QaUc=",
      "requires": {
        "ee-first": "1.1.1"
      }
    },
    "parseurl": {
      "version": "1.3.2",
      "resolved": "https://registry.npmjs.org/parseurl/-/parseurl-1.3.2.tgz",
      "integrity": "sha1-/CidTtiZMRlGDBViUyYs3I3mW/M="
    },
    "path-to-regexp": {
      "version": "0.1.7",
      "resolved": "https://registry.npmjs.org/path-to-regexp/-/path-to-regexp-0.1.7.tgz",
      "integrity": "sha1-32BBeABfUi8V60SQ5yR6G/qmf4w="
    },
    "proxy-addr": {
      "version": "1.1.5",
      "resolved": "https://registry.npmjs.org/proxy-addr/-/proxy-addr-1.1.5.tgz",
      "integrity": "sha1-ccDuOxAt4/IC87ZPYI0XP8uhqRg=",
      "requires": {
        "forwarded": "0.1.2",
        "ipaddr.js": "1.4.0"
      }
    },
    "qs": {
      "version": "6.2.0",
      "resolved": "https://registry.npmjs.org/qs/-/qs-6.2.0.tgz",
      "integrity": "sha1-O3hIwDwt7OaalSKw+ujEEm10Xzs="
    },
    "range-parser": {
      "version": "1.2.0",
      "resolved": "https://registry.npmjs.org/range-parser/-/range-parser-1.2.0.tgz",
      "integrity": "sha1-9JvmtIeJTdxA3MlKMi9hEJLgDV4="
    },
    "raw-body": {
      "version": "2.1.7",
      "resolved": "https://registry.npmjs.org/raw-body/-/raw-body-2.1.7.tgz",
      "integrity": "sha1-rf6s4uT7MJgFgBTQjActzFl1h3Q=",
      "requires": {
        "bytes": "2.4.0",
        "iconv-lite": "0.4.13",
        "unpipe": "1.0.0"
      }
    },
    "rxjs": {
      "version": "5.5.6",
      "resolved": "https://registry.npmjs.org/rxjs/-/rxjs-5.5.6.tgz",
      "integrity": "sha512-v4Q5HDC0FHAQ7zcBX7T2IL6O5ltl1a2GX4ENjPXg6SjDY69Cmx9v4113C99a4wGF16ClPv5Z8mghuYorVkg/kg==",
      "requires": {
        "symbol-observable": "1.0.1"
      }
    },
    "send": {
      "version": "0.14.2",
      "resolved": "https://registry.npmjs.org/send/-/send-0.14.2.tgz",
      "integrity": "sha1-ObBDiz9RC+Xcb2Z6EfcWiTaM3u8=",
      "requires": {
        "debug": "2.2.0",
        "depd": "1.1.2",
        "destroy": "1.0.4",
        "encodeurl": "1.0.2",
        "escape-html": "1.0.3",
        "etag": "1.7.0",
        "fresh": "0.3.0",
        "http-errors": "1.5.1",
        "mime": "1.3.4",
        "ms": "0.7.2",
        "on-finished": "2.3.0",
        "range-parser": "1.2.0",
        "statuses": "1.3.1"
      },
      "dependencies": {
        "ms": {
          "version": "0.7.2",
          "resolved": "https://registry.npmjs.org/ms/-/ms-0.7.2.tgz",
          "integrity": "sha1-riXPJRKziFodldfwN4aNhDESR2U="
        },
        "statuses": {
          "version": "1.3.1",
          "resolved": "https://registry.npmjs.org/statuses/-/statuses-1.3.1.tgz",
          "integrity": "sha1-+vUbnrdKrvOzrPStX2Gr8ky3uT4="
        }
      }
    },
    "serve-static": {
      "version": "1.11.2",
      "resolved": "https://registry.npmjs.org/serve-static/-/serve-static-1.11.2.tgz",
      "integrity": "sha1-LPmIm9RDWjIMw2iVyapXvWYuasc=",
      "requires": {
        "encodeurl": "1.0.2",
        "escape-html": "1.0.3",
        "parseurl": "1.3.2",
        "send": "0.14.2"
      }
    },
    "setprototypeof": {
      "version": "1.0.2",
      "resolved": "https://registry.npmjs.org/setprototypeof/-/setprototypeof-1.0.2.tgz",
      "integrity": "sha1-gaVSFB7BBLiOic44MQOtXGZWTQg="
    },
    "statuses": {
      "version": "1.4.0",
      "resolved": "https://registry.npmjs.org/statuses/-/statuses-1.4.0.tgz",
      "integrity": "sha512-zhSCtt8v2NDrRlPQpCNtw/heZLtfUDqxBM1udqikb/Hbk52LK4nQSwr10u77iopCW5LsyHpuXS0GnEc48mLeew=="
    },
    "symbol-observable": {
      "version": "1.0.1",
      "resolved": "https://registry.npmjs.org/symbol-observable/-/symbol-observable-1.0.1.tgz",
      "integrity": "sha1-g0D8RwLDEi310iKI+IKD9RPT/dQ="
    },
    "tslib": {
      "version": "1.9.0",
      "resolved": "https://registry.npmjs.org/tslib/-/tslib-1.9.0.tgz",
      "integrity": "sha512-f/qGG2tUkrISBlQZEjEqoZ3B2+npJjIf04H1wuAv9iA8i04Icp+61KRXxFdha22670NJopsZCIjhC3SnjPRKrQ=="
    },
    "type-is": {
      "version": "1.6.16",
      "resolved": "https://registry.npmjs.org/type-is/-/type-is-1.6.16.tgz",
      "integrity": "sha512-HRkVv/5qY2G6I8iab9cI7v1bOIdhm94dVjQCPFElW9W+3GeDOSHmy2EBYe4VTApuzolPcmgFTN3ftVJRKR2J9Q==",
      "requires": {
        "media-typer": "0.3.0",
        "mime-types": "2.1.18"
      }
    },
    "unpipe": {
      "version": "1.0.0",
      "resolved": "https://registry.npmjs.org/unpipe/-/unpipe-1.0.0.tgz",
      "integrity": "sha1-sr9O6FFKrmFltIF4KdIbLvSZBOw="
    },
    "utils-merge": {
      "version": "1.0.0",
      "resolved": "https://registry.npmjs.org/utils-merge/-/utils-merge-1.0.0.tgz",
      "integrity": "sha1-ApT7kiu5N1FTVBxPcJYjHyh8ivg="
    },
    "vary": {
      "version": "1.1.2",
      "resolved": "https://registry.npmjs.org/vary/-/vary-1.1.2.tgz",
      "integrity": "sha1-IpnwLG3tMNSllhsLn3RSShj2NPw="
    },
    "zone.js": {
      "version": "0.8.20",
      "resolved": "https://registry.npmjs.org/zone.js/-/zone.js-0.8.20.tgz",
      "integrity": "sha512-FXlA37ErSXCMy5RNBcGFgCI/Zivqzr0D19GuvDxhcYIJc7xkFp6c29DKyODJu0Zo+EMyur/WPPgcBh1EHjB9jA=="
    }
  }
}
